
Microsoft Visual Studio Solution File, Format Version 12.00
# Visual Studio Version 17
VisualStudioVersion = 17.0.31912.275
MinimumVisualStudioVersion = 10.0.40219.1
Project("{FAE04EC0-301F-11D3-BF4B-00C04F79EFBC}") = "HMSL", "HMSL\HMSL.csproj", "{CBC9233D-690D-4AC4-8CE8-2183FEA1AFAF}"
EndProject
Global
	GlobalSection(SolutionConfigurationPlatforms) = preSolution
		Debug|Any CPU = Debug|Any CPU
		Release|Any CPU = Release|Any CPU
	EndGlobalSection
	GlobalSection(ProjectConfigurationPlatforms) = postSolution
		{CBC9233D-690D-4AC4-8CE8-2183FEA1AFAF}.Debug|Any CPU.ActiveCfg = Debug|Any CPU
		{CBC9233D-690D-4AC4-8CE8-2183FEA1AFAF}.Debug|Any CPU.Build.0 = Debug|Any CPU
		{CBC9233D-690D-4AC4-8CE8-2183FEA1AFAF}.Release|Any CPU.ActiveCfg = Release|Any CPU
		{CBC9233D-690D-4AC4-8CE8-2183FEA1AFAF}.Release|Any CPU.Build.0 = Release|Any CPU
	EndGlobalSection
	GlobalSection(SolutionProperties) = preSolution
		HideSolutionNode = FALSE
	EndGlobalSection
	GlobalSection(ExtensibilityGlobals) = postSolution
		SolutionGuid = {3E9EBADD-0AC2-4F34-AD4B-0CA5B61CAE7D}
	EndGlobalSection
EndGlobal
